
Microsoft Visual Studio Solution File, Format Version 12.00
# Visual Studio 15
VisualStudioVersion = 15.0.28010.2003
MinimumVisualStudioVersion = 10.0.40219.1
Project("{FAE04EC0-301F-11D3-BF4B-00C04F79EFBC}") = "DatabaseApplication", "DatabaseApplication\DatabaseApplication.csproj", "{DB361259-D7FB-4982-8414-BA66ACAFC2DA}"
EndProject
Global
	GlobalSection(SolutionConfigurationPlatforms) = preSolution
		Debug|Any CPU = Debug|Any CPU
		Release|Any CPU = Release|Any CPU
	EndGlobalSection
	GlobalSection(ProjectConfigurationPlatforms) = postSolution
		{DB361259-D7FB-4982-8414-BA66ACAFC2DA}.Debug|Any CPU.ActiveCfg = Debug|Any CPU
		{DB361259-D7FB-4982-8414-BA66ACAFC2DA}.Debug|Any CPU.Build.0 = Debug|Any CPU
		{DB361259-D7FB-4982-8414-BA66ACAFC2DA}.Release|Any CPU.ActiveCfg = Release|Any CPU
		{DB361259-D7FB-4982-8414-BA66ACAFC2DA}.Release|Any CPU.Build.0 = Release|Any CPU
	EndGlobalSection
	GlobalSection(SolutionProperties) = preSolution
		HideSolutionNode = FALSE
	EndGlobalSection
	GlobalSection(ExtensibilityGlobals) = postSolution
		SolutionGuid = {0E3C839D-5511-4E85-92D6-5D14D2274128}
	EndGlobalSection
EndGlobal
